
Microsoft Visual Studio Solution File, Format Version 12.00
# Visual Studio Version 17
VisualStudioVersion = 17.2.32505.173
MinimumVisualStudioVersion = 10.0.40219.1
Project("{FAE04EC0-301F-11D3-BF4B-00C04F79EFBC}") = "SupplierMicroservice", "SupplierMicroservice\SupplierMicroservice.csproj", "{8910B19D-3015-4A34-B67A-2BF4A76373BE}"
EndProject
Global
	GlobalSection(SolutionConfigurationPlatforms) = preSolution
		Debug|Any CPU = Debug|Any CPU
		Release|Any CPU = Release|Any CPU
	EndGlobalSection
	GlobalSection(ProjectConfigurationPlatforms) = postSolution
		{8910B19D-3015-4A34-B67A-2BF4A76373BE}.Debug|Any CPU.ActiveCfg = Debug|Any CPU
		{8910B19D-3015-4A34-B67A-2BF4A76373BE}.Debug|Any CPU.Build.0 = Debug|Any CPU
		{8910B19D-3015-4A34-B67A-2BF4A76373BE}.Release|Any CPU.ActiveCfg = Release|Any CPU
		{8910B19D-3015-4A34-B67A-2BF4A76373BE}.Release|Any CPU.Build.0 = Release|Any CPU
	EndGlobalSection
	GlobalSection(SolutionProperties) = preSolution
		HideSolutionNode = FALSE
	EndGlobalSection
	GlobalSection(ExtensibilityGlobals) = postSolution
		SolutionGuid = {61F9D68F-D56D-428A-B143-4535906819E4}
	EndGlobalSection
EndGlobal
